{
    "_readme": [
        "This file locks the dependencies of your project to a known state",
        "Read more about it at https://getcomposer.org/doc/01-basic-usage.md#installing-dependencies",
        "This file is @generated automatically"
    ],
    "content-hash": "525a37dcd4a71cffe5342494be4ec936",
    "packages": [
        {
            "name": "composer/installers",
            "version": "v1.12.0",
            "source": {
                "type": "git",
                "url": "https://github.com/composer/installers.git",
                "reference": "d20a64ed3c94748397ff5973488761b22f6d3f19"
            },
            "dist": {
                "type": "zip",
                "url": "https://api.github.com/repos/composer/installers/zipball/d20a64ed3c94748397ff5973488761b22f6d3f19",
                "reference": "d20a64ed3c94748397ff5973488761b22f6d3f19",
                "shasum": ""
            },
            "require": {
                "composer-plugin-api": "^1.0 || ^2.0"
            },
            "replace": {
                "roundcube/plugin-installer": "*",
                "shama/baton": "*"
            },
            "require-dev": {
                "composer/composer": "1.6.* || ^2.0",
                "composer/semver": "^1 || ^3",
                "phpstan/phpstan": "^0.12.55",
                "phpstan/phpstan-phpunit": "^0.12.16",
                "symfony/phpunit-bridge": "^4.2 || ^5",
                "symfony/process": "^2.3"
            },
            "type": "composer-plugin",
            "extra": {
                "class": "Composer\\Installers\\Plugin",
                "branch-alias": {
                    "dev-main": "1.x-dev"
                }
            },
            "autoload": {
                "psr-4": {
                    "Composer\\Installers\\": "src/Composer/Installers"
                }
            },
            "notification-url": "https://packagist.org/downloads/",
            "license": [
                "MIT"
            ],
            "authors": [
                {
                    "name": "Kyle Robinson Young",
                    "email": "kyle@dontkry.com",
                    "homepage": "https://github.com/shama"
                }
            ],
            "description": "A multi-framework Composer library installer",
            "homepage": "https://composer.github.io/installers/",
            "keywords": [
                "Craft",
                "Dolibarr",
                "Eliasis",
                "Hurad",
                "ImageCMS",
                "Kanboard",
                "Lan Management System",
                "MODX Evo",
                "MantisBT",
                "Mautic",
                "Maya",
                "OXID",
                "Plentymarkets",
                "Porto",
                "RadPHP",
                "SMF",
                "Starbug",
                "Thelia",
                "Whmcs",
                "WolfCMS",
                "agl",
                "aimeos",
                "annotatecms",
                "attogram",
                "bitrix",
                "cakephp",
                "chef",
                "cockpit",
                "codeigniter",
                "concrete5",
                "croogo",
                "dokuwiki",
                "drupal",
                "eZ Platform",
                "elgg",
                "expressionengine",
                "fuelphp",
                "grav",
                "installer",
                "itop",
                "joomla",
                "known",
                "kohana",
                "laravel",
                "lavalite",
                "lithium",
                "magento",
                "majima",
                "mako",
                "mediawiki",
                "miaoxing",
                "modulework",
                "modx",
                "moodle",
                "osclass",
                "pantheon",
                "phpbb",
                "piwik",
                "ppi",
                "processwire",
                "puppet",
                "pxcms",
                "reindex",
                "roundcube",
                "shopware",
                "silverstripe",
                "sydes",
                "sylius",
                "symfony",
                "tastyigniter",
                "typo3",
                "wordpress",
                "yawik",
                "zend",
                "zikula"
            ],
            "support": {
                "issues": "https://github.com/composer/installers/issues",
                "source": "https://github.com/composer/installers/tree/v1.12.0"
            },
            "funding": [
                {
                    "url": "https://packagist.com",
                    "type": "custom"
                },
                {
                    "url": "https://github.com/composer",
                    "type": "github"
                },
                {
                    "url": "https://tidelift.com/funding/github/packagist/composer/composer",
                    "type": "tidelift"
                }
            ],
            "time": "2021-09-13T08:19:44+00:00"
        },
        {
            "name": "mrpacket/mrpacket-connect",
            "version": "dev-main",
            "source": {
                "type": "git",
                "url": "https://github.com/MRPacketDev/MRPacket-Connect.git",
                "reference": "b92d21502ada89e20dd1a5554ad1de4f814449f7"
            },
            "dist": {
                "type": "zip",
                "url": "https://api.github.com/repos/MRPacketDev/MRPacket-Connect/zipball/b92d21502ada89e20dd1a5554ad1de4f814449f7",
                "reference": "b92d21502ada89e20dd1a5554ad1de4f814449f7",
                "shasum": ""
            },
            "require": {
                "php": ">=7.3.0"
            },
            "default-branch": true,
            "type": "library",
            "autoload": {
                "psr-4": {
                    "MRPacket\\": "classes/MRPacket/"
                }
            },
            "authors": [
                {
                    "name": "MRPacket",
                    "email": "info@mrpacket.de"
                }
            ],
            "description": "MRPacket Connect",
            "support": {
                "source": "https://github.com/MRPacketDev/MRPacket-Connect/tree/main",
                "issues": "https://github.com/MRPacketDev/MRPacket-Connect/issues"
            },
            "time": "2024-04-22T21:26:20+00:00"
        },
        {
            "name": "olifolkerd/convertor",
            "version": "dev-master",
            "source": {
                "type": "git",
                "url": "https://github.com/tobiasgraeber/convertor.git",
                "reference": "d19cdaa2a61f8e7d2375a02346f49619e8ddc1ae"
            },
            "dist": {
                "type": "zip",
                "url": "https://api.github.com/repos/tobiasgraeber/convertor/zipball/d19cdaa2a61f8e7d2375a02346f49619e8ddc1ae",
                "reference": "d19cdaa2a61f8e7d2375a02346f49619e8ddc1ae",
                "shasum": ""
            },
            "require-dev": {
                "phpunit/phpunit": "^6.2"
            },
            "default-branch": true,
            "type": "library",
            "autoload": {
                "psr-4": {
                    "Olifolkerd\\Convertor\\": "src/"
                }
            },
            "license": [
                "MIT"
            ],
            "authors": [
                {
                    "name": "Oli Folkerd",
                    "email": "oliver.folkerd@gmail.com"
                }
            ],
            "description": "An easy to use PHP unit conversion library.",
            "support": {
                "source": "https://github.com/tobiasgraeber/convertor/tree/master"
            },
            "time": "2018-03-30T11:19:50+00:00"
        }
    ],
    "packages-dev": [],
    "aliases": [],
    "minimum-stability": "stable",
    "stability-flags": {
        "mrpacket/mrpacket-connect": 20,
        "olifolkerd/convertor": 20
    },
    "prefer-stable": false,
    "prefer-lowest": false,
    "platform": {
        "php": ">=7.3.0"
    },
    "platform-dev": [],
    "plugin-api-version": "2.6.0"
}
